
Microsoft Visual Studio Solution File, Format Version 12.00
# Visual Studio 15
VisualStudioVersion = 15.0.28010.2019
MinimumVisualStudioVersion = 10.0.40219.1
Project("{FAE04EC0-301F-11D3-BF4B-00C04F79EFBC}") = "Metot-I", "Metot-I.csproj", "{7C4740AF-667F-450E-893F-F2F02219C176}"
EndProject
Global
	GlobalSection(SolutionConfigurationPlatforms) = preSolution
		Debug|Any CPU = Debug|Any CPU
		Release|Any CPU = Release|Any CPU
	EndGlobalSection
	GlobalSection(ProjectConfigurationPlatforms) = postSolution
		{7C4740AF-667F-450E-893F-F2F02219C176}.Debug|Any CPU.ActiveCfg = Debug|Any CPU
		{7C4740AF-667F-450E-893F-F2F02219C176}.Debug|Any CPU.Build.0 = Debug|Any CPU
		{7C4740AF-667F-450E-893F-F2F02219C176}.Release|Any CPU.ActiveCfg = Release|Any CPU
		{7C4740AF-667F-450E-893F-F2F02219C176}.Release|Any CPU.Build.0 = Release|Any CPU
	EndGlobalSection
	GlobalSection(SolutionProperties) = preSolution
		HideSolutionNode = FALSE
	EndGlobalSection
	GlobalSection(ExtensibilityGlobals) = postSolution
		SolutionGuid = {6D0C9E09-561D-4C5E-9001-253682954609}
	EndGlobalSection
EndGlobal
