
Microsoft Visual Studio Solution File, Format Version 12.00
# Visual Studio 15
VisualStudioVersion = 15.0.28010.2019
MinimumVisualStudioVersion = 10.0.40219.1
Project("{FAE04EC0-301F-11D3-BF4B-00C04F79EFBC}") = "5-Enum", "5-Enum.csproj", "{3EA11FBD-5043-4F07-B77D-E42DEC7AFEBC}"
EndProject
Global
	GlobalSection(SolutionConfigurationPlatforms) = preSolution
		Debug|Any CPU = Debug|Any CPU
		Release|Any CPU = Release|Any CPU
	EndGlobalSection
	GlobalSection(ProjectConfigurationPlatforms) = postSolution
		{3EA11FBD-5043-4F07-B77D-E42DEC7AFEBC}.Debug|Any CPU.ActiveCfg = Debug|Any CPU
		{3EA11FBD-5043-4F07-B77D-E42DEC7AFEBC}.Debug|Any CPU.Build.0 = Debug|Any CPU
		{3EA11FBD-5043-4F07-B77D-E42DEC7AFEBC}.Release|Any CPU.ActiveCfg = Release|Any CPU
		{3EA11FBD-5043-4F07-B77D-E42DEC7AFEBC}.Release|Any CPU.Build.0 = Release|Any CPU
	EndGlobalSection
	GlobalSection(SolutionProperties) = preSolution
		HideSolutionNode = FALSE
	EndGlobalSection
	GlobalSection(ExtensibilityGlobals) = postSolution
		SolutionGuid = {CEDC04E8-2354-4FA2-80C9-600B3E059DD8}
	EndGlobalSection
EndGlobal
