
Microsoft Visual Studio Solution File, Format Version 12.00
# Visual Studio 15
VisualStudioVersion = 15.0.28010.2019
MinimumVisualStudioVersion = 10.0.40219.1
Project("{FAE04EC0-301F-11D3-BF4B-00C04F79EFBC}") = "Dizi-VI-Stack", "Dizi-VI-Stack.csproj", "{530CA61D-5099-42A0-B66F-ED061D42D2D2}"
EndProject
Global
	GlobalSection(SolutionConfigurationPlatforms) = preSolution
		Debug|Any CPU = Debug|Any CPU
		Release|Any CPU = Release|Any CPU
	EndGlobalSection
	GlobalSection(ProjectConfigurationPlatforms) = postSolution
		{530CA61D-5099-42A0-B66F-ED061D42D2D2}.Debug|Any CPU.ActiveCfg = Debug|Any CPU
		{530CA61D-5099-42A0-B66F-ED061D42D2D2}.Debug|Any CPU.Build.0 = Debug|Any CPU
		{530CA61D-5099-42A0-B66F-ED061D42D2D2}.Release|Any CPU.ActiveCfg = Release|Any CPU
		{530CA61D-5099-42A0-B66F-ED061D42D2D2}.Release|Any CPU.Build.0 = Release|Any CPU
	EndGlobalSection
	GlobalSection(SolutionProperties) = preSolution
		HideSolutionNode = FALSE
	EndGlobalSection
	GlobalSection(ExtensibilityGlobals) = postSolution
		SolutionGuid = {0DD35BA3-B297-4F18-B35E-268AF9E4E6E0}
	EndGlobalSection
EndGlobal
