
Microsoft Visual Studio Solution File, Format Version 12.00
# Visual Studio 15
VisualStudioVersion = 15.0.28010.2019
MinimumVisualStudioVersion = 10.0.40219.1
Project("{FAE04EC0-301F-11D3-BF4B-00C04F79EFBC}") = "Dizi-VII-Queue(Kuyruk)", "Dizi-VII-Queue(Kuyruk).csproj", "{BD4BC06A-E914-4900-96D6-A7C692C62C07}"
EndProject
Global
	GlobalSection(SolutionConfigurationPlatforms) = preSolution
		Debug|Any CPU = Debug|Any CPU
		Release|Any CPU = Release|Any CPU
	EndGlobalSection
	GlobalSection(ProjectConfigurationPlatforms) = postSolution
		{BD4BC06A-E914-4900-96D6-A7C692C62C07}.Debug|Any CPU.ActiveCfg = Debug|Any CPU
		{BD4BC06A-E914-4900-96D6-A7C692C62C07}.Debug|Any CPU.Build.0 = Debug|Any CPU
		{BD4BC06A-E914-4900-96D6-A7C692C62C07}.Release|Any CPU.ActiveCfg = Release|Any CPU
		{BD4BC06A-E914-4900-96D6-A7C692C62C07}.Release|Any CPU.Build.0 = Release|Any CPU
	EndGlobalSection
	GlobalSection(SolutionProperties) = preSolution
		HideSolutionNode = FALSE
	EndGlobalSection
	GlobalSection(ExtensibilityGlobals) = postSolution
		SolutionGuid = {C18B58F5-3E1D-4F54-8C36-477B5F63FC55}
	EndGlobalSection
EndGlobal
