
Microsoft Visual Studio Solution File, Format Version 12.00
# Visual Studio 15
VisualStudioVersion = 15.0.28010.2019
MinimumVisualStudioVersion = 10.0.40219.1
Project("{FAE04EC0-301F-11D3-BF4B-00C04F79EFBC}") = "Dizi-II", "Dizi-II.csproj", "{D9A2F0C6-3F61-4A3B-A4B3-8AC4A297DD3C}"
EndProject
Global
	GlobalSection(SolutionConfigurationPlatforms) = preSolution
		Debug|Any CPU = Debug|Any CPU
		Release|Any CPU = Release|Any CPU
	EndGlobalSection
	GlobalSection(ProjectConfigurationPlatforms) = postSolution
		{D9A2F0C6-3F61-4A3B-A4B3-8AC4A297DD3C}.Debug|Any CPU.ActiveCfg = Debug|Any CPU
		{D9A2F0C6-3F61-4A3B-A4B3-8AC4A297DD3C}.Debug|Any CPU.Build.0 = Debug|Any CPU
		{D9A2F0C6-3F61-4A3B-A4B3-8AC4A297DD3C}.Release|Any CPU.ActiveCfg = Release|Any CPU
		{D9A2F0C6-3F61-4A3B-A4B3-8AC4A297DD3C}.Release|Any CPU.Build.0 = Release|Any CPU
	EndGlobalSection
	GlobalSection(SolutionProperties) = preSolution
		HideSolutionNode = FALSE
	EndGlobalSection
	GlobalSection(ExtensibilityGlobals) = postSolution
		SolutionGuid = {54658965-CE73-44A9-9696-9B6BC46BDF69}
	EndGlobalSection
EndGlobal
